
Microsoft Visual Studio Solution File, Format Version 12.00
# Visual Studio Version 16
VisualStudioVersion = 16.0.31129.286
MinimumVisualStudioVersion = 10.0.40219.1
Project("{FAE04EC0-301F-11D3-BF4B-00C04F79EFBC}") = "CosmosKernel1", "CosmosKernel1\CosmosKernel1.csproj", "{4D3A616D-E971-4A70-B1BA-D2A43C1EA9D1}"
EndProject
Global
	GlobalSection(SolutionConfigurationPlatforms) = preSolution
		Debug|Any CPU = Debug|Any CPU
		Release|Any CPU = Release|Any CPU
	EndGlobalSection
	GlobalSection(ProjectConfigurationPlatforms) = postSolution
		{4D3A616D-E971-4A70-B1BA-D2A43C1EA9D1}.Debug|Any CPU.ActiveCfg = Debug|Any CPU
		{4D3A616D-E971-4A70-B1BA-D2A43C1EA9D1}.Debug|Any CPU.Build.0 = Debug|Any CPU
		{4D3A616D-E971-4A70-B1BA-D2A43C1EA9D1}.Release|Any CPU.ActiveCfg = Release|Any CPU
		{4D3A616D-E971-4A70-B1BA-D2A43C1EA9D1}.Release|Any CPU.Build.0 = Release|Any CPU
	EndGlobalSection
	GlobalSection(SolutionProperties) = preSolution
		HideSolutionNode = FALSE
	EndGlobalSection
	GlobalSection(ExtensibilityGlobals) = postSolution
		SolutionGuid = {ABF87E4B-BE7A-407C-8607-C619930ECE78}
	EndGlobalSection
EndGlobal
